// !$*UTF8*$!
{
	archiveVersion = 1;
	classes = {
	};
	objectVersion = 48;
	objects = {

/* Begin PBXBuildFile section */
		2FD49F3721382E4F00B862DA /* AppDelegate.swift in Sources */ = {isa = PBXBuildFile; fileRef = 2FD49F3621382E4F00B862DA /* AppDelegate.swift */; };
		2FD49F3921382E4F00B862DA /* ViewController.swift in Sources */ = {isa = PBXBuildFile; fileRef = 2FD49F3821382E4F00B862DA /* ViewController.swift */; };
		2FD49F3C21382E4F00B862DA /* Main.storyboard in Resources */ = {isa = PBXBuildFile; fileRef = 2FD49F3A21382E4F00B862DA /* Main.storyboard */; };
		2FD49F3E21382E4F00B862DA /* Assets.xcassets in Resources */ = {isa = PBXBuildFile; fileRef = 2FD49F3D21382E4F00B862DA /* Assets.xcassets */; };
		2FD49F4121382E4F00B862DA /* LaunchScreen.storyboard in Resources */ = {isa = PBXBuildFile; fileRef = 2FD49F3F21382E4F00B862DA /* LaunchScreen.storyboard */; };
/* End PBXBuildFile section */

/* Begin PBXFileReference section */
		2FD49F3321382E4F00B862DA /* PageTitleControllerSwiftDemo.app */ = {isa = PBXFileReference; explicitFileType = wrapper.application; includeInIndex = 0; path = PageTitleControllerSwiftDemo.app; sourceTree = BUILT_PRODUCTS_DIR; };
		2FD49F3621382E4F00B862DA /* AppDelegate.swift */ = {isa = PBXFileReference; lastKnownFileType = sourcecode.swift; path = AppDelegate.swift; sourceTree = "<group>"; };
		2FD49F3821382E4F00B862DA /* ViewController.swift */ = {isa = PBXFileReference; lastKnownFileType = sourcecode.swift; path = ViewController.swift; sourceTree = "<group>"; };
		2FD49F3B21382E4F00B862DA /* Base */ = {isa = PBXFileReference; lastKnownFileType = file.storyboard; name = Base; path = Base.lproj/Main.storyboard; sourceTree = "<group>"; };
		2FD49F3D21382E4F00B862DA /* Assets.xcassets */ = {isa = PBXFileReference; lastKnownFileType = folder.assetcatalog; path = Assets.xcassets; sourceTree = "<group>"; };
		2FD49F4021382E4F00B862DA /* Base */ = {isa = PBXFileReference; lastKnownFileType = file.storyboard; name = Base; path = Base.lproj/LaunchScreen.storyboard; sourceTree = "<group>"; };
		2FD49F4221382E4F00B862DA /* Info.plist */ = {isa = PBXFileReference; lastKnownFileType = text.plist.xml; path = Info.plist; sourceTree = "<group>"; };
/* End PBXFileReference section */

/* Begin PBXFrameworksBuildPhase section */
		2FD49F3021382E4F00B862DA /* Frameworks */ = {
			isa = PBXFrameworksBuildPhase;
			buildActionMask = 2147483647;
			files = (
			);
			runOnlyForDeploymentPostprocessing = 0;
		};
/* End PBXFrameworksBuildPhase section */

/* Begin PBXGroup section */
		2FD49F2A21382E4F00B862DA = {
			isa = PBXGroup;
			children = (
				2FD49F3521382E4F00B862DA /* PageTitleControllerSwiftDemo */,
				2FD49F3421382E4F00B862DA /* Products */,
			);
			sourceTree = "<group>";
		};
		2FD49F3421382E4F00B862DA /* Products */ = {
			isa = PBXGroup;
			children = (
				2FD49F3321382E4F00B862DA /* PageTitleControllerSwiftDemo.app */,
			);
			name = Products;
			sourceTree = "<group>";
		};
		2FD49F3521382E4F00B862DA /* PageTitleControllerSwiftDemo */ = {
			isa = PBXGroup;
			children = (
				2FD49F3621382E4F00B862DA /* AppDelegate.swift */,
				2FD49F3821382E4F00B862DA /* ViewController.swift */,
				2FD49F3A21382E4F00B862DA /* Main.storyboard */,
				2FD49F3D21382E4F00B862DA /* Assets.xcassets */,
				2FD49F3F21382E4F00B862DA /* LaunchScreen.storyboard */,
				2FD49F4221382E4F00B862DA /* Info.plist */,
			);
			path = PageTitleControllerSwiftDemo;
			sourceTree = "<group>";
		};
/* End PBXGroup section */

/* Begin PBXNativeTarget section */
		2FD49F3221382E4F00B862DA /* PageTitleControllerSwiftDemo */ = {
			isa = PBXNativeTarget;
			buildConfigurationList = 2FD49F4521382E4F00B862DA /* Build configuration list for PBXNativeTarget "PageTitleControllerSwiftDemo" */;
			buildPhases = (
				2FD49F2F21382E4F00B862DA /* Sources */,
				2FD49F3021382E4F00B862DA /* Frameworks */,
				2FD49F3121382E4F00B862DA /* Resources */,
			);
			buildRules = (
			);
			dependencies = (
			);
			name = PageTitleControllerSwiftDemo;
			productName = PageTitleControllerSwiftDemo;
			productReference = 2FD49F3321382E4F00B862DA /* PageTitleControllerSwiftDemo.app */;
			productType = "com.apple.product-type.application";
		};
/* End PBXNativeTarget section */

/* Begin PBXProject section */
		2FD49F2B21382E4F00B862DA /* Project object */ = {
			isa = PBXProject;
			attributes = {
				LastSwiftUpdateCheck = 0920;
				LastUpgradeCheck = 0920;
				ORGANIZATIONNAME = yangrui;
				TargetAttributes = {
					2FD49F3221382E4F00B862DA = {
						CreatedOnToolsVersion = 9.2;
						ProvisioningStyle = Automatic;
					};
				};
			};
			buildConfigurationList = 2FD49F2E21382E4F00B862DA /* Build configuration list for PBXProject "PageTitleControllerSwiftDemo" */;
			compatibilityVersion = "Xcode 8.0";
			developmentRegion = en;
			hasScannedForEncodings = 0;
			knownRegions = (
				en,
				Base,
			);
			mainGroup = 2FD49F2A21382E4F00B862DA;
			productRefGroup = 2FD49F3421382E4F00B862DA /* Products */;
			projectDirPath = "";
			projectRoot = "";
			targets = (
				2FD49F3221382E4F00B862DA /* PageTitleControllerSwiftDemo */,
			);
		};
/* End PBXProject section */

/* Begin PBXResourcesBuildPhase section */
		2FD49F3121382E4F00B862DA /* Resources */ = {
			isa = PBXResourcesBuildPhase;
			buildActionMask = 2147483647;
			files = (
				2FD49F4121382E4F00B862DA /* LaunchScreen.storyboard in Resources */,
				2FD49F3E21382E4F00B862DA /* Assets.xcassets in Resources */,
				2FD49F3C21382E4F00B862DA /* Main.storyboard in Resources */,
			);
			runOnlyForDeploymentPostprocessing = 0;
		};
/* End PBXResourcesBuildPhase section */

/* Begin PBXSourcesBuildPhase section */
		2FD49F2F21382E4F00B862DA /* Sources */ = {
			isa = PBXSourcesBuildPhase;
			buildActionMask = 2147483647;
			files = (
				2FD49F3921382E4F00B862DA /* ViewController.swift in Sources */,
				2FD49F3721382E4F00B862DA /* AppDelegate.swift in Sources */,
			);
			runOnlyForDeploymentPostprocessing = 0;
		};
/* End PBXSourcesBuildPhase section */

/* Begin PBXVariantGroup section */
		2FD49F3A21382E4F00B862DA /* Main.storyboard */ = {
			isa = PBXVariantGroup;
			children = (
				2FD49F3B21382E4F00B862DA /* Base */,
			);
			name = Main.storyboard;
			sourceTree = "<group>";
		};
		2FD49F3F21382E4F00B862DA /* LaunchScreen.storyboard */ = {
			isa = PBXVariantGroup;
			children = (
				2FD49F4021382E4F00B862DA /* Base */,
			);
			name = LaunchScreen.storyboard;
			sourceTree = "<group>";
		};
/* End PBXVariantGroup section */

/* Begin XCBuildConfiguration section */
		2FD49F4321382E4F00B862DA /* Debug */ = {
			isa = XCBuildConfiguration;
			buildSettings = {
				ALWAYS_SEARCH_USER_PATHS = NO;
				CLANG_ANALYZER_NONNULL = YES;
				CLANG_ANALYZER_NUMBER_OBJECT_CONVERSION = YES_AGGRESSIVE;
				CLANG_CXX_LANGUAGE_STANDARD = "gnu++14";
				CLANG_CXX_LIBRARY = "libc++";
				CLANG_ENABLE_MODULES = YES;
				CLANG_ENABLE_OBJC_ARC = YES;
				CLANG_WARN_BLOCK_CAPTURE_AUTORELEASING = YES;
				CLANG_WARN_BOOL_CONVERSION = YES;
				CLANG_WARN_COMMA = YES;
				CLANG_WARN_CONSTANT_CONVERSION = YES;
				CLANG_WARN_DIRECT_OBJC_ISA_USAGE = YES_ERROR;
				CLANG_WARN_DOCUMENTATION_COMMENTS = YES;
				CLANG_WARN_EMPTY_BODY = YES;
				CLANG_WARN_ENUM_CONVERSION = YES;
				CLANG_WARN_INFINITE_RECURSION = YES;
				CLANG_WARN_INT_CONVERSION = YES;
				CLANG_WARN_NON_LITERAL_NULL_CONVERSION = YES;
				CLANG_WARN_OBJC_LITERAL_CONVERSION = YES;
				CLANG_WARN_OBJC_ROOT_CLASS = YES_ERROR;
				CLANG_WARN_RANGE_LOOP_ANALYSIS = YES;
				CLANG_WARN_STRICT_PROTOTYPES = YES;
				CLANG_WARN_SUSPICIOUS_MOVE = YES;
				CLANG_WARN_UNGUARDED_AVAILABILITY = YES_AGGRESSIVE;
				CLANG_WARN_UNREACHABLE_CODE = YES;
				CLANG_WARN__DUPLICATE_METHOD_MATCH = YES;
				CODE_SIGN_IDENTITY = "iPhone Developer";
				COPY_PHASE_STRIP = NO;
				DEBUG_INFORMATION_FORMAT = dwarf;
				ENABLE_STRICT_OBJC_MSGSEND = YES;
				ENABLE_TESTABILITY = YES;
				GCC_C_LANGUAGE_STANDARD = gnu11;
				GCC_DYNAMIC_NO_PIC = NO;
				GCC_NO_COMMON_BLOCKS = YES;
				GCC_OPTIMIZATION_LEVEL = 0;
				GCC_PREPROCESSOR_DEFINITIONS = (
					"DEBUG=1",
					"$(inherited)",
				);
				GCC_WARN_64_TO_32_BIT_CONVERSION = YES;
				GCC_WARN_ABOUT_RETURN_TYPE = YES_ERROR;
				GCC_WARN_UNDECLARED_SELECTOR = YES;
				GCC_WARN_UNINITIALIZED_AUTOS = YES_AGGRESSIVE;
				GCC_WARN_UNUSED_FUNCTION = YES;
				GCC_WARN_UNUSED_VARIABLE = YES;
				IPHONEOS_DEPLOYMENT_TARGET = 11.2;
				MTL_ENABLE_DEBUG_INFO = YES;
				ONLY_ACTIVE_ARCH = YES;
				SDKROOT = iphoneos;
				SWIFT_ACTIVE_COMPILATION_CONDITIONS = DEBUG;
				SWIFT_OPTIMIZATION_LEVEL = "-Onone";
			};
			name = Debug;
		};
		2FD49F4421382E4F00B862DA /* Release */ = {
			isa = XCBuildConfiguration;
			buildSettings = {
				ALWAYS_SEARCH_USER_PATHS = NO;
				CLANG_ANALYZER_NONNULL = YES;
				CLANG_ANALYZER_NUMBER_OBJECT_CONVERSION = YES_AGGRESSIVE;
				CLANG_CXX_LANGUAGE_STANDARD = "gnu++14";
				CLANG_CXX_LIBRARY = "libc++";
				CLANG_ENABLE_MODULES = YES;
				CLANG_ENABLE_OBJC_ARC = YES;
				CLANG_WARN_BLOCK_CAPTURE_AUTORELEASING = YES;
				CLANG_WARN_BOOL_CONVERSION = YES;
				CLANG_WARN_COMMA = YES;
				CLANG_WARN_CONSTANT_CONVERSION = YES;
				CLANG_WARN_DIRECT_OBJC_ISA_USAGE = YES_ERROR;
				CLANG_WARN_DOCUMENTATION_COMMENTS = YES;
				CLANG_WARN_EMPTY_BODY = YES;
				CLANG_WARN_ENUM_CONVERSION = YES;
				CLANG_WARN_INFINITE_RECURSION = YES;
				CLANG_WARN_INT_CONVERSION = YES;
				CLANG_WARN_NON_LITERAL_NULL_CONVERSION = YES;
				CLANG_WARN_OBJC_LITERAL_CONVERSION = YES;
				CLANG_WARN_OBJC_ROOT_CLASS = YES_ERROR;
				CLANG_WARN_RANGE_LOOP_ANALYSIS = YES;
				CLANG_WARN_STRICT_PROTOTYPES = YES;
				CLANG_WARN_SUSPICIOUS_MOVE = YES;
				CLANG_WARN_UNGUARDED_AVAILABILITY = YES_AGGRESSIVE;
				CLANG_WARN_UNREACHABLE_CODE = YES;
				CLANG_WARN__DUPLICATE_METHOD_MATCH = YES;
				CODE_SIGN_IDENTITY = "iPhone Developer";
				COPY_PHASE_STRIP = NO;
				DEBUG_INFORMATION_FORMAT = "dwarf-with-dsym";
				ENABLE_NS_ASSERTIONS = NO;
				ENABLE_STRICT_OBJC_MSGSEND = YES;
				GCC_C_LANGUAGE_STANDARD = gnu11;
				GCC_NO_COMMON_BLOCKS = YES;
				GCC_WARN_64_TO_32_BIT_CONVERSION = YES;
				GCC_WARN_ABOUT_RETURN_TYPE = YES_ERROR;
				GCC_WARN_UNDECLARED_SELECTOR = YES;
				GCC_WARN_UNINITIALIZED_AUTOS = YES_AGGRESSIVE;
				GCC_WARN_UNUSED_FUNCTION = YES;
				GCC_WARN_UNUSED_VARIABLE = YES;
				IPHONEOS_DEPLOYMENT_TARGET = 11.2;
				MTL_ENABLE_DEBUG_INFO = NO;
				SDKROOT = iphoneos;
				SWIFT_OPTIMIZATION_LEVEL = "-Owholemodule";
				VALIDATE_PRODUCT = YES;
			};
			name = Release;
		};
		2FD49F4621382E4F00B862DA /* Debug */ = {
			isa = XCBuildConfiguration;
			buildSettings = {
				ASSETCATALOG_COMPILER_APPICON_NAME = AppIcon;
				CODE_SIGN_STYLE = Automatic;
				INFOPLIST_FILE = PageTitleControllerSwiftDemo/Info.plist;
				LD_RUNPATH_SEARCH_PATHS = "$(inherited) @executable_path/Frameworks";
				PRODUCT_BUNDLE_IDENTIFIER = yr.PageTitleControllerSwiftDemo;
				PRODUCT_NAME = "$(TARGET_NAME)";
				SWIFT_VERSION = 4.0;
				TARGETED_DEVICE_FAMILY = "1,2";
			};
			name = Debug;
		};
		2FD49F4721382E4F00B862DA /* Release */ = {
			isa = XCBuildConfiguration;
			buildSettings = {
				ASSETCATALOG_COMPILER_APPICON_NAME = AppIcon;
				CODE_SIGN_STYLE = Automatic;
				INFOPLIST_FILE = PageTitleControllerSwiftDemo/Info.plist;
				LD_RUNPATH_SEARCH_PATHS = "$(inherited) @executable_path/Frameworks";
				PRODUCT_BUNDLE_IDENTIFIER = yr.PageTitleControllerSwiftDemo;
				PRODUCT_NAME = "$(TARGET_NAME)";
				SWIFT_VERSION = 4.0;
				TARGETED_DEVICE_FAMILY = "1,2";
			};
			name = Release;
		};
/* End XCBuildConfiguration section */

/* Begin XCConfigurationList section */
		2FD49F2E21382E4F00B862DA /* Build configuration list for PBXProject "PageTitleControllerSwiftDemo" */ = {
			isa = XCConfigurationList;
			buildConfigurations = (
				2FD49F4321382E4F00B862DA /* Debug */,
				2FD49F4421382E4F00B862DA /* Release */,
			);
			defaultConfigurationIsVisible = 0;
			defaultConfigurationName = Release;
		};
		2FD49F4521382E4F00B862DA /* Build configuration list for PBXNativeTarget "PageTitleControllerSwiftDemo" */ = {
			isa = XCConfigurationList;
			buildConfigurations = (
				2FD49F4621382E4F00B862DA /* Debug */,
				2FD49F4721382E4F00B862DA /* Release */,
			);
			defaultConfigurationIsVisible = 0;
			defaultConfigurationName = Release;
		};
/* End XCConfigurationList section */
	};
	rootObject = 2FD49F2B21382E4F00B862DA /* Project object */;
}
